<?xml version="1.0" encoding="utf-8"?>
<Project ToolsVersion="4.0" xmlns="http://schemas.microsoft.com/developer/msbuild/2003">
  <ItemGroup>
    <ClInclude Include="PreCompile.h" />
    <ClInclude Include="ContentsCore.h" />
    <ClInclude Include="ContentsEnum.h">
      <Filter>Global</Filter>
    </ClInclude>
    <ClInclude Include="PhysicsActor.h">
      <Filter>Actor\Physics</Filter>
    </ClInclude>
    <ClInclude Include="MapleLevel.h">
      <Filter>Level</Filter>
    </ClInclude>
    <ClInclude Include="Map1.h">
      <Filter>Actor\Maps</Filter>
    </ClInclude>
    <ClInclude Include="Map0.h">
      <Filter>Actor\Maps</Filter>
    </ClInclude>
    <ClInclude Include="MapleMap.h">
      <Filter>Actor\Maps</Filter>
    </ClInclude>
    <ClInclude Include="Portal.h">
      <Filter>Actor\Maps</Filter>
    </ClInclude>
    <ClInclude Include="TitleLevel.h">
      <Filter>Level</Filter>
    </ClInclude>
    <ClInclude Include="TownLevel.h">
      <Filter>Level</Filter>
    </ClInclude>
    <ClInclude Include="HuntLevel.h">
      <Filter>Level</Filter>
    </ClInclude>
    <ClInclude Include="MapleStoryGUI.h" />
    <ClInclude Include="MonsterSpawner.h">
      <Filter>Actor\Monster</Filter>
    </ClInclude>
    <ClInclude Include="BossLevel.h">
      <Filter>Level</Filter>
    </ClInclude>
    <ClInclude Include="Map2.h">
      <Filter>Actor\Maps</Filter>
    </ClInclude>
    <ClInclude Include="Boss_Vellum.h">
      <Filter>Actor\Boss</Filter>
    </ClInclude>
    <ClInclude Include="StatData.h">
      <Filter>Actor\Stat</Filter>
    </ClInclude>
    <ClInclude Include="StatManager.h">
      <Filter>Actor\Stat</Filter>
    </ClInclude>
    <ClInclude Include="FadeScreen.h">
      <Filter>Actor\UI</Filter>
    </ClInclude>
    <ClInclude Include="Skill.h">
      <Filter>Actor\Skills</Filter>
    </ClInclude>
    <ClInclude Include="SkillManager.h">
      <Filter>Actor\Skills</Filter>
    </ClInclude>
    <ClInclude Include="UI_Status.h">
      <Filter>Actor\UI</Filter>
    </ClInclude>
    <ClInclude Include="Skill_ThorwSureken.h">
      <Filter>Actor\Skills</Filter>
    </ClInclude>
    <ClInclude Include="Skill_FlashJump.h">
      <Filter>Actor\Skills</Filter>
    </ClInclude>
    <ClInclude Include="DamageEffect.h">
      <Filter>Actor\Damage</Filter>
    </ClInclude>
    <ClInclude Include="DamageIndicator.h">
      <Filter>Actor\Damage</Filter>
    </ClInclude>
    <ClInclude Include="Skill_ShowDown.h">
      <Filter>Actor\Skills</Filter>
    </ClInclude>
    <ClInclude Include="Projectile.h">
      <Filter>Actor\Skills</Filter>
    </ClInclude>
    <ClInclude Include="Player.h">
      <Filter>Actor\Player</Filter>
    </ClInclude>
    <ClInclude Include="MonsterBase.h">
      <Filter>Actor\Monster</Filter>
    </ClInclude>
    <ClInclude Include="PlayerBase.h">
      <Filter>Actor\Player</Filter>
    </ClInclude>
    <ClInclude Include="Monster.h">
      <Filter>Actor\Monster</Filter>
    </ClInclude>
    <ClInclude Include="MouseActor.h">
      <Filter>Actor\UI</Filter>
    </ClInclude>
    <ClInclude Include="UI_Inventory.h">
      <Filter>Actor\UI\Inventory</Filter>
    </ClInclude>
    <ClInclude Include="UI_Slot.h">
      <Filter>Actor\UI\Inventory</Filter>
    </ClInclude>
    <ClInclude Include="UI_Item.h">
      <Filter>Actor\UI\Inventory</Filter>
    </ClInclude>
    <ClInclude Include="Button.h">
      <Filter>Actor\UI</Filter>
    </ClInclude>
    <ClInclude Include="Draggable.h">
      <Filter>Actor\UI</Filter>
    </ClInclude>
    <ClInclude Include="ItemActor.h" />
  </ItemGroup>
  <ItemGroup>
    <ClCompile Include="ContentsCore.cpp" />
    <ClCompile Include="PreCompile.cpp" />
    <ClCompile Include="PhysicsActor.cpp">
      <Filter>Actor\Physics</Filter>
    </ClCompile>
    <ClCompile Include="MapleLevel.cpp">
      <Filter>Level</Filter>
    </ClCompile>
    <ClCompile Include="Map1.cpp">
      <Filter>Actor\Maps</Filter>
    </ClCompile>
    <ClCompile Include="Map0.cpp">
      <Filter>Actor\Maps</Filter>
    </ClCompile>
    <ClCompile Include="MapleMap.cpp">
      <Filter>Actor\Maps</Filter>
    </ClCompile>
    <ClCompile Include="Portal.cpp">
      <Filter>Actor\Maps</Filter>
    </ClCompile>
    <ClCompile Include="TitleLevel.cpp">
      <Filter>Level</Filter>
    </ClCompile>
    <ClCompile Include="TownLevel.cpp">
      <Filter>Level</Filter>
    </ClCompile>
    <ClCompile Include="HuntLevel.cpp">
      <Filter>Level</Filter>
    </ClCompile>
    <ClCompile Include="MapleStoryGUI.cpp" />
    <ClCompile Include="Player_StateUpdate.cpp">
      <Filter>Actor\Player</Filter>
    </ClCompile>
    <ClCompile Include="Player_BasicUpdate.cpp">
      <Filter>Actor\Player</Filter>
    </ClCompile>
    <ClCompile Include="MonsterSpawner.cpp">
      <Filter>Actor\Monster</Filter>
    </ClCompile>
    <ClCompile Include="BossLevel.cpp">
      <Filter>Level</Filter>
    </ClCompile>
    <ClCompile Include="Map2.cpp">
      <Filter>Actor\Maps</Filter>
    </ClCompile>
    <ClCompile Include="Boss_Vellum.cpp">
      <Filter>Actor\Boss</Filter>
    </ClCompile>
    <ClCompile Include="Player_SkillUpdate.cpp">
      <Filter>Actor\Player</Filter>
    </ClCompile>
    <ClCompile Include="StatData.cpp">
      <Filter>Actor\Stat</Filter>
    </ClCompile>
    <ClCompile Include="StatManager.cpp">
      <Filter>Actor\Stat</Filter>
    </ClCompile>
    <ClCompile Include="FadeScreen.cpp">
      <Filter>Actor\UI</Filter>
    </ClCompile>
    <ClCompile Include="SkillManager.cpp">
      <Filter>Actor\Skills</Filter>
    </ClCompile>
    <ClCompile Include="Skill.cpp">
      <Filter>Actor\Skills</Filter>
    </ClCompile>
    <ClCompile Include="UI_Status.cpp">
      <Filter>Actor\UI</Filter>
    </ClCompile>
    <ClCompile Include="Skill_ThorwSureken.cpp">
      <Filter>Actor\Skills</Filter>
    </ClCompile>
    <ClCompile Include="Skill_FlashJump.cpp">
      <Filter>Actor\Skills</Filter>
    </ClCompile>
    <ClCompile Include="DamageEffect.cpp">
      <Filter>Actor\Damage</Filter>
    </ClCompile>
    <ClCompile Include="DamageIndicator.cpp">
      <Filter>Actor\Damage</Filter>
    </ClCompile>
    <ClCompile Include="Skill_ShowDown.cpp">
      <Filter>Actor\Skills</Filter>
    </ClCompile>
    <ClCompile Include="Projectile.cpp">
      <Filter>Actor\Skills</Filter>
    </ClCompile>
    <ClCompile Include="Player.cpp">
      <Filter>Actor\Player</Filter>
    </ClCompile>
    <ClCompile Include="MonsterBase.cpp">
      <Filter>Actor\Monster</Filter>
    </ClCompile>
    <ClCompile Include="PlayerBase.cpp">
      <Filter>Actor\Player</Filter>
    </ClCompile>
    <ClCompile Include="Monster.cpp">
      <Filter>Actor\Monster</Filter>
    </ClCompile>
    <ClCompile Include="MouseActor.cpp">
      <Filter>Actor\UI</Filter>
    </ClCompile>
    <ClCompile Include="UI_Inventory.cpp">
      <Filter>Actor\UI\Inventory</Filter>
    </ClCompile>
    <ClCompile Include="UI_Slot.cpp">
      <Filter>Actor\UI\Inventory</Filter>
    </ClCompile>
    <ClCompile Include="UI_Item.cpp">
      <Filter>Actor\UI\Inventory</Filter>
    </ClCompile>
    <ClCompile Include="Button.cpp">
      <Filter>Actor\UI</Filter>
    </ClCompile>
    <ClCompile Include="Draggable.cpp">
      <Filter>Actor\UI</Filter>
    </ClCompile>
    <ClCompile Include="ItemActor.cpp" />
  </ItemGroup>
  <ItemGroup>
    <Filter Include="Actor">
      <UniqueIdentifier>{dfaa5030-45e1-4f41-83d4-3d4359e25a46}</UniqueIdentifier>
    </Filter>
    <Filter Include="Actor\UI">
      <UniqueIdentifier>{a9a6990e-34ca-4fde-a442-cf6f214d6ee6}</UniqueIdentifier>
    </Filter>
    <Filter Include="Actor\Maps">
      <UniqueIdentifier>{94bd9443-64fa-4f06-a71d-38a5c678fd3e}</UniqueIdentifier>
    </Filter>
    <Filter Include="Level">
      <UniqueIdentifier>{39ef70cb-ba8e-4535-a7e9-9ab07c3f7dda}</UniqueIdentifier>
    </Filter>
    <Filter Include="Global">
      <UniqueIdentifier>{7c8ebcee-870d-45b9-8acd-4a2c36871a8c}</UniqueIdentifier>
    </Filter>
    <Filter Include="Actor\Player">
      <UniqueIdentifier>{2e11f385-15c2-4d16-8f3b-cef3dd0869d7}</UniqueIdentifier>
    </Filter>
    <Filter Include="Actor\Monster">
      <UniqueIdentifier>{9abb5b0b-6717-42a1-9620-a9283ab192cf}</UniqueIdentifier>
    </Filter>
    <Filter Include="Actor\Physics">
      <UniqueIdentifier>{29ab7583-6138-44c2-a108-fb12dfbb790e}</UniqueIdentifier>
    </Filter>
    <Filter Include="Actor\Boss">
      <UniqueIdentifier>{c17c1fe8-0e8d-4036-a963-b1c8fdd2a3cd}</UniqueIdentifier>
    </Filter>
    <Filter Include="Actor\Damage">
      <UniqueIdentifier>{4803fa25-f4d5-484d-8a3d-c8629b241c37}</UniqueIdentifier>
    </Filter>
    <Filter Include="Actor\Skills">
      <UniqueIdentifier>{318905c5-b0e4-404b-af05-bd237f99902d}</UniqueIdentifier>
    </Filter>
    <Filter Include="Actor\Stat">
      <UniqueIdentifier>{22f90041-8882-492f-b6e1-7838b0a62a57}</UniqueIdentifier>
    </Filter>
    <Filter Include="Actor\UI\Inventory">
      <UniqueIdentifier>{0224ddbe-235b-407a-a686-11e27fce9b9d}</UniqueIdentifier>
    </Filter>
  </ItemGroup>
  <ItemGroup>
    <Text Include="..\Actor.txt">
      <Filter>Global</Filter>
    </Text>
  </ItemGroup>
</Project>